// !$*UTF8*$!
{
	archiveVersion = 1;
	classes = {
	};
	objectVersion = 56;
	objects = {

/* Begin PBXBuildFile section */
		BE3821472920178D00B23A58 /* MakePartyViewController.swift in Sources */ = {isa = PBXBuildFile; fileRef = BE3821462920178D00B23A58 /* MakePartyViewController.swift */; };
		BEC4B4A5291FC80D004FE99C /* AppDelegate.swift in Sources */ = {isa = PBXBuildFile; fileRef = BEC4B4A4291FC80D004FE99C /* AppDelegate.swift */; };
		BEC4B4A7291FC80D004FE99C /* SceneDelegate.swift in Sources */ = {isa = PBXBuildFile; fileRef = BEC4B4A6291FC80D004FE99C /* SceneDelegate.swift */; };
		BEC4B4AC291FC80D004FE99C /* Main.storyboard in Resources */ = {isa = PBXBuildFile; fileRef = BEC4B4AA291FC80D004FE99C /* Main.storyboard */; };
		BEC4B4AE291FC80F004FE99C /* Assets.xcassets in Resources */ = {isa = PBXBuildFile; fileRef = BEC4B4AD291FC80F004FE99C /* Assets.xcassets */; };
		BEC4B4B1291FC80F004FE99C /* LaunchScreen.storyboard in Resources */ = {isa = PBXBuildFile; fileRef = BEC4B4AF291FC80F004FE99C /* LaunchScreen.storyboard */; };
		BEC4B4B9291FC997004FE99C /* MapViewController.swift in Sources */ = {isa = PBXBuildFile; fileRef = BEC4B4B8291FC997004FE99C /* MapViewController.swift */; };
		BEC4B4BE291FC9F5004FE99C /* ListViewController.swift in Sources */ = {isa = PBXBuildFile; fileRef = BEC4B4BD291FC9F5004FE99C /* ListViewController.swift */; };
		BEC4B4C1291FCA05004FE99C /* SettingViewController.swift in Sources */ = {isa = PBXBuildFile; fileRef = BEC4B4C0291FCA05004FE99C /* SettingViewController.swift */; };
		D502A000291FE96B00737765 /* PartyViewController.swift in Sources */ = {isa = PBXBuildFile; fileRef = D5029FFF291FE96B00737765 /* PartyViewController.swift */; };
		D502A002292006DB00737765 /* PartyJoinedViewController.swift in Sources */ = {isa = PBXBuildFile; fileRef = D502A001292006DB00737765 /* PartyJoinedViewController.swift */; };
		D559B3BA291FD35C008F585C /* PartyloadingViewController.swift in Sources */ = {isa = PBXBuildFile; fileRef = D559B3B9291FD35C008F585C /* PartyloadingViewController.swift */; };
/* End PBXBuildFile section */

/* Begin PBXFileReference section */
		BE3821462920178D00B23A58 /* MakePartyViewController.swift */ = {isa = PBXFileReference; lastKnownFileType = sourcecode.swift; path = MakePartyViewController.swift; sourceTree = "<group>"; };
		BEC4B4A1291FC80D004FE99C /* CatchCha.app */ = {isa = PBXFileReference; explicitFileType = wrapper.application; includeInIndex = 0; path = CatchCha.app; sourceTree = BUILT_PRODUCTS_DIR; };
		BEC4B4A4291FC80D004FE99C /* AppDelegate.swift */ = {isa = PBXFileReference; lastKnownFileType = sourcecode.swift; path = AppDelegate.swift; sourceTree = "<group>"; };
		BEC4B4A6291FC80D004FE99C /* SceneDelegate.swift */ = {isa = PBXFileReference; lastKnownFileType = sourcecode.swift; path = SceneDelegate.swift; sourceTree = "<group>"; };
		BEC4B4AB291FC80D004FE99C /* Base */ = {isa = PBXFileReference; lastKnownFileType = file.storyboard; name = Base; path = Base.lproj/Main.storyboard; sourceTree = "<group>"; };
		BEC4B4AD291FC80F004FE99C /* Assets.xcassets */ = {isa = PBXFileReference; lastKnownFileType = folder.assetcatalog; path = Assets.xcassets; sourceTree = "<group>"; };
		BEC4B4B0291FC80F004FE99C /* Base */ = {isa = PBXFileReference; lastKnownFileType = file.storyboard; name = Base; path = Base.lproj/LaunchScreen.storyboard; sourceTree = "<group>"; };
		BEC4B4B2291FC80F004FE99C /* Info.plist */ = {isa = PBXFileReference; lastKnownFileType = text.plist.xml; path = Info.plist; sourceTree = "<group>"; };
		BEC4B4B8291FC997004FE99C /* MapViewController.swift */ = {isa = PBXFileReference; lastKnownFileType = sourcecode.swift; path = MapViewController.swift; sourceTree = "<group>"; };
		BEC4B4BD291FC9F5004FE99C /* ListViewController.swift */ = {isa = PBXFileReference; lastKnownFileType = sourcecode.swift; path = ListViewController.swift; sourceTree = "<group>"; };
		BEC4B4C0291FCA05004FE99C /* SettingViewController.swift */ = {isa = PBXFileReference; lastKnownFileType = sourcecode.swift; path = SettingViewController.swift; sourceTree = "<group>"; };
		D5029FFF291FE96B00737765 /* PartyViewController.swift */ = {isa = PBXFileReference; lastKnownFileType = sourcecode.swift; path = PartyViewController.swift; sourceTree = "<group>"; };
		D502A001292006DB00737765 /* PartyJoinedViewController.swift */ = {isa = PBXFileReference; lastKnownFileType = sourcecode.swift; path = PartyJoinedViewController.swift; sourceTree = "<group>"; };
		D559B3B9291FD35C008F585C /* PartyloadingViewController.swift */ = {isa = PBXFileReference; lastKnownFileType = sourcecode.swift; path = PartyloadingViewController.swift; sourceTree = "<group>"; };
/* End PBXFileReference section */

/* Begin PBXFrameworksBuildPhase section */
		BEC4B49E291FC80D004FE99C /* Frameworks */ = {
			isa = PBXFrameworksBuildPhase;
			buildActionMask = 2147483647;
			files = (
			);
			runOnlyForDeploymentPostprocessing = 0;
		};
/* End PBXFrameworksBuildPhase section */

/* Begin PBXGroup section */
		BEC4B498291FC80D004FE99C = {
			isa = PBXGroup;
			children = (
				BEC4B4A3291FC80D004FE99C /* CatchCha */,
				BEC4B4A2291FC80D004FE99C /* Products */,
			);
			sourceTree = "<group>";
		};
		BEC4B4A2291FC80D004FE99C /* Products */ = {
			isa = PBXGroup;
			children = (
				BEC4B4A1291FC80D004FE99C /* CatchCha.app */,
			);
			name = Products;
			sourceTree = "<group>";
		};
		BEC4B4A3291FC80D004FE99C /* CatchCha */ = {
			isa = PBXGroup;
			children = (
				BEC4B4BF291FC9F9004FE99C /* Setting */,
				BEC4B4BC291FC9E8004FE99C /* List */,
				BEC4B4BA291FC9AD004FE99C /* Map */,
				BEC4B4A4291FC80D004FE99C /* AppDelegate.swift */,
				BEC4B4A6291FC80D004FE99C /* SceneDelegate.swift */,
				BEC4B4AA291FC80D004FE99C /* Main.storyboard */,
				BEC4B4AD291FC80F004FE99C /* Assets.xcassets */,
				BEC4B4AF291FC80F004FE99C /* LaunchScreen.storyboard */,
				BEC4B4B2291FC80F004FE99C /* Info.plist */,
			);
			path = CatchCha;
			sourceTree = "<group>";
		};
		BEC4B4BA291FC9AD004FE99C /* Map */ = {
			isa = PBXGroup;
			children = (
				BEC4B4B8291FC997004FE99C /* MapViewController.swift */,
				D559B3B9291FD35C008F585C /* PartyloadingViewController.swift */,
				D5029FFF291FE96B00737765 /* PartyViewController.swift */,
				D502A001292006DB00737765 /* PartyJoinedViewController.swift */,
				BE3821462920178D00B23A58 /* MakePartyViewController.swift */,
			);
			path = Map;
			sourceTree = "<group>";
		};
		BEC4B4BC291FC9E8004FE99C /* List */ = {
			isa = PBXGroup;
			children = (
				BEC4B4BD291FC9F5004FE99C /* ListViewController.swift */,
			);
			path = List;
			sourceTree = "<group>";
		};
		BEC4B4BF291FC9F9004FE99C /* Setting */ = {
			isa = PBXGroup;
			children = (
				BEC4B4C0291FCA05004FE99C /* SettingViewController.swift */,
			);
			path = Setting;
			sourceTree = "<group>";
		};
/* End PBXGroup section */

/* Begin PBXNativeTarget section */
		BEC4B4A0291FC80D004FE99C /* CatchCha */ = {
			isa = PBXNativeTarget;
			buildConfigurationList = BEC4B4B5291FC80F004FE99C /* Build configuration list for PBXNativeTarget "CatchCha" */;
			buildPhases = (
				BEC4B49D291FC80D004FE99C /* Sources */,
				BEC4B49E291FC80D004FE99C /* Frameworks */,
				BEC4B49F291FC80D004FE99C /* Resources */,
			);
			buildRules = (
			);
			dependencies = (
			);
			name = CatchCha;
			productName = CatchCha;
			productReference = BEC4B4A1291FC80D004FE99C /* CatchCha.app */;
			productType = "com.apple.product-type.application";
		};
/* End PBXNativeTarget section */

/* Begin PBXProject section */
		BEC4B499291FC80D004FE99C /* Project object */ = {
			isa = PBXProject;
			attributes = {
				BuildIndependentTargetsInParallel = 1;
				LastSwiftUpdateCheck = 1410;
				LastUpgradeCheck = 1410;
				TargetAttributes = {
					BEC4B4A0291FC80D004FE99C = {
						CreatedOnToolsVersion = 14.1;
					};
				};
			};
			buildConfigurationList = BEC4B49C291FC80D004FE99C /* Build configuration list for PBXProject "CatchCha" */;
			compatibilityVersion = "Xcode 14.0";
			developmentRegion = en;
			hasScannedForEncodings = 0;
			knownRegions = (
				en,
				Base,
			);
			mainGroup = BEC4B498291FC80D004FE99C;
			productRefGroup = BEC4B4A2291FC80D004FE99C /* Products */;
			projectDirPath = "";
			projectRoot = "";
			targets = (
				BEC4B4A0291FC80D004FE99C /* CatchCha */,
			);
		};
/* End PBXProject section */

/* Begin PBXResourcesBuildPhase section */
		BEC4B49F291FC80D004FE99C /* Resources */ = {
			isa = PBXResourcesBuildPhase;
			buildActionMask = 2147483647;
			files = (
				BEC4B4B1291FC80F004FE99C /* LaunchScreen.storyboard in Resources */,
				BEC4B4AE291FC80F004FE99C /* Assets.xcassets in Resources */,
				BEC4B4AC291FC80D004FE99C /* Main.storyboard in Resources */,
			);
			runOnlyForDeploymentPostprocessing = 0;
		};
/* End PBXResourcesBuildPhase section */

/* Begin PBXSourcesBuildPhase section */
		BEC4B49D291FC80D004FE99C /* Sources */ = {
			isa = PBXSourcesBuildPhase;
			buildActionMask = 2147483647;
			files = (
				D502A000291FE96B00737765 /* PartyViewController.swift in Sources */,
				BE3821472920178D00B23A58 /* MakePartyViewController.swift in Sources */,
				D559B3BA291FD35C008F585C /* PartyloadingViewController.swift in Sources */,
				D502A002292006DB00737765 /* PartyJoinedViewController.swift in Sources */,
				BEC4B4A5291FC80D004FE99C /* AppDelegate.swift in Sources */,
				BEC4B4A7291FC80D004FE99C /* SceneDelegate.swift in Sources */,
				BEC4B4BE291FC9F5004FE99C /* ListViewController.swift in Sources */,
				BEC4B4B9291FC997004FE99C /* MapViewController.swift in Sources */,
				BEC4B4C1291FCA05004FE99C /* SettingViewController.swift in Sources */,
			);
			runOnlyForDeploymentPostprocessing = 0;
		};
/* End PBXSourcesBuildPhase section */

/* Begin PBXVariantGroup section */
		BEC4B4AA291FC80D004FE99C /* Main.storyboard */ = {
			isa = PBXVariantGroup;
			children = (
				BEC4B4AB291FC80D004FE99C /* Base */,
			);
			name = Main.storyboard;
			sourceTree = "<group>";
		};
		BEC4B4AF291FC80F004FE99C /* LaunchScreen.storyboard */ = {
			isa = PBXVariantGroup;
			children = (
				BEC4B4B0291FC80F004FE99C /* Base */,
			);
			name = LaunchScreen.storyboard;
			sourceTree = "<group>";
		};
/* End PBXVariantGroup section */

/* Begin XCBuildConfiguration section */
		BEC4B4B3291FC80F004FE99C /* Debug */ = {
			isa = XCBuildConfiguration;
			buildSettings = {
				ALWAYS_SEARCH_USER_PATHS = NO;
				CLANG_ANALYZER_NONNULL = YES;
				CLANG_ANALYZER_NUMBER_OBJECT_CONVERSION = YES_AGGRESSIVE;
				CLANG_CXX_LANGUAGE_STANDARD = "gnu++20";
				CLANG_ENABLE_MODULES = YES;
				CLANG_ENABLE_OBJC_ARC = YES;
				CLANG_ENABLE_OBJC_WEAK = YES;
				CLANG_WARN_BLOCK_CAPTURE_AUTORELEASING = YES;
				CLANG_WARN_BOOL_CONVERSION = YES;
				CLANG_WARN_COMMA = YES;
				CLANG_WARN_CONSTANT_CONVERSION = YES;
				CLANG_WARN_DEPRECATED_OBJC_IMPLEMENTATIONS = YES;
				CLANG_WARN_DIRECT_OBJC_ISA_USAGE = YES_ERROR;
				CLANG_WARN_DOCUMENTATION_COMMENTS = YES;
				CLANG_WARN_EMPTY_BODY = YES;
				CLANG_WARN_ENUM_CONVERSION = YES;
				CLANG_WARN_INFINITE_RECURSION = YES;
				CLANG_WARN_INT_CONVERSION = YES;
				CLANG_WARN_NON_LITERAL_NULL_CONVERSION = YES;
				CLANG_WARN_OBJC_IMPLICIT_RETAIN_SELF = YES;
				CLANG_WARN_OBJC_LITERAL_CONVERSION = YES;
				CLANG_WARN_OBJC_ROOT_CLASS = YES_ERROR;
				CLANG_WARN_QUOTED_INCLUDE_IN_FRAMEWORK_HEADER = YES;
				CLANG_WARN_RANGE_LOOP_ANALYSIS = YES;
				CLANG_WARN_STRICT_PROTOTYPES = YES;
				CLANG_WARN_SUSPICIOUS_MOVE = YES;
				CLANG_WARN_UNGUARDED_AVAILABILITY = YES_AGGRESSIVE;
				CLANG_WARN_UNREACHABLE_CODE = YES;
				CLANG_WARN__DUPLICATE_METHOD_MATCH = YES;
				COPY_PHASE_STRIP = NO;
				DEBUG_INFORMATION_FORMAT = dwarf;
				ENABLE_STRICT_OBJC_MSGSEND = YES;
				ENABLE_TESTABILITY = YES;
				GCC_C_LANGUAGE_STANDARD = gnu11;
				GCC_DYNAMIC_NO_PIC = NO;
				GCC_NO_COMMON_BLOCKS = YES;
				GCC_OPTIMIZATION_LEVEL = 0;
				GCC_PREPROCESSOR_DEFINITIONS = (
					"DEBUG=1",
					"$(inherited)",
				);
				GCC_WARN_64_TO_32_BIT_CONVERSION = YES;
				GCC_WARN_ABOUT_RETURN_TYPE = YES_ERROR;
				GCC_WARN_UNDECLARED_SELECTOR = YES;
				GCC_WARN_UNINITIALIZED_AUTOS = YES_AGGRESSIVE;
				GCC_WARN_UNUSED_FUNCTION = YES;
				GCC_WARN_UNUSED_VARIABLE = YES;
				IPHONEOS_DEPLOYMENT_TARGET = 16.1;
				MTL_ENABLE_DEBUG_INFO = INCLUDE_SOURCE;
				MTL_FAST_MATH = YES;
				ONLY_ACTIVE_ARCH = YES;
				SDKROOT = iphoneos;
				SWIFT_ACTIVE_COMPILATION_CONDITIONS = DEBUG;
				SWIFT_OPTIMIZATION_LEVEL = "-Onone";
			};
			name = Debug;
		};
		BEC4B4B4291FC80F004FE99C /* Release */ = {
			isa = XCBuildConfiguration;
			buildSettings = {
				ALWAYS_SEARCH_USER_PATHS = NO;
				CLANG_ANALYZER_NONNULL = YES;
				CLANG_ANALYZER_NUMBER_OBJECT_CONVERSION = YES_AGGRESSIVE;
				CLANG_CXX_LANGUAGE_STANDARD = "gnu++20";
				CLANG_ENABLE_MODULES = YES;
				CLANG_ENABLE_OBJC_ARC = YES;
				CLANG_ENABLE_OBJC_WEAK = YES;
				CLANG_WARN_BLOCK_CAPTURE_AUTORELEASING = YES;
				CLANG_WARN_BOOL_CONVERSION = YES;
				CLANG_WARN_COMMA = YES;
				CLANG_WARN_CONSTANT_CONVERSION = YES;
				CLANG_WARN_DEPRECATED_OBJC_IMPLEMENTATIONS = YES;
				CLANG_WARN_DIRECT_OBJC_ISA_USAGE = YES_ERROR;
				CLANG_WARN_DOCUMENTATION_COMMENTS = YES;
				CLANG_WARN_EMPTY_BODY = YES;
				CLANG_WARN_ENUM_CONVERSION = YES;
				CLANG_WARN_INFINITE_RECURSION = YES;
				CLANG_WARN_INT_CONVERSION = YES;
				CLANG_WARN_NON_LITERAL_NULL_CONVERSION = YES;
				CLANG_WARN_OBJC_IMPLICIT_RETAIN_SELF = YES;
				CLANG_WARN_OBJC_LITERAL_CONVERSION = YES;
				CLANG_WARN_OBJC_ROOT_CLASS = YES_ERROR;
				CLANG_WARN_QUOTED_INCLUDE_IN_FRAMEWORK_HEADER = YES;
				CLANG_WARN_RANGE_LOOP_ANALYSIS = YES;
				CLANG_WARN_STRICT_PROTOTYPES = YES;
				CLANG_WARN_SUSPICIOUS_MOVE = YES;
				CLANG_WARN_UNGUARDED_AVAILABILITY = YES_AGGRESSIVE;
				CLANG_WARN_UNREACHABLE_CODE = YES;
				CLANG_WARN__DUPLICATE_METHOD_MATCH = YES;
				COPY_PHASE_STRIP = NO;
				DEBUG_INFORMATION_FORMAT = "dwarf-with-dsym";
				ENABLE_NS_ASSERTIONS = NO;
				ENABLE_STRICT_OBJC_MSGSEND = YES;
				GCC_C_LANGUAGE_STANDARD = gnu11;
				GCC_NO_COMMON_BLOCKS = YES;
				GCC_WARN_64_TO_32_BIT_CONVERSION = YES;
				GCC_WARN_ABOUT_RETURN_TYPE = YES_ERROR;
				GCC_WARN_UNDECLARED_SELECTOR = YES;
				GCC_WARN_UNINITIALIZED_AUTOS = YES_AGGRESSIVE;
				GCC_WARN_UNUSED_FUNCTION = YES;
				GCC_WARN_UNUSED_VARIABLE = YES;
				IPHONEOS_DEPLOYMENT_TARGET = 16.1;
				MTL_ENABLE_DEBUG_INFO = NO;
				MTL_FAST_MATH = YES;
				SDKROOT = iphoneos;
				SWIFT_COMPILATION_MODE = wholemodule;
				SWIFT_OPTIMIZATION_LEVEL = "-O";
				VALIDATE_PRODUCT = YES;
			};
			name = Release;
		};
		BEC4B4B6291FC80F004FE99C /* Debug */ = {
			isa = XCBuildConfiguration;
			buildSettings = {
				ASSETCATALOG_COMPILER_APPICON_NAME = AppIcon;
				ASSETCATALOG_COMPILER_GLOBAL_ACCENT_COLOR_NAME = AccentColor;
				CODE_SIGN_STYLE = Automatic;
				CURRENT_PROJECT_VERSION = 1;
				DEVELOPMENT_TEAM = 9S44MNK86W;
				GENERATE_INFOPLIST_FILE = YES;
				INFOPLIST_FILE = CatchCha/Info.plist;
				INFOPLIST_KEY_UIApplicationSupportsIndirectInputEvents = YES;
				INFOPLIST_KEY_UILaunchStoryboardName = LaunchScreen;
				INFOPLIST_KEY_UIMainStoryboardFile = Main;
				INFOPLIST_KEY_UISupportedInterfaceOrientations_iPad = "UIInterfaceOrientationPortrait UIInterfaceOrientationPortraitUpsideDown UIInterfaceOrientationLandscapeLeft UIInterfaceOrientationLandscapeRight";
				INFOPLIST_KEY_UISupportedInterfaceOrientations_iPhone = "UIInterfaceOrientationPortrait UIInterfaceOrientationLandscapeLeft UIInterfaceOrientationLandscapeRight";
				LD_RUNPATH_SEARCH_PATHS = (
					"$(inherited)",
					"@executable_path/Frameworks",
				);
				MARKETING_VERSION = 1.0;
				PRODUCT_BUNDLE_IDENTIFIER = com.taewoo.CatchCha;
				PRODUCT_NAME = "$(TARGET_NAME)";
				SWIFT_EMIT_LOC_STRINGS = YES;
				SWIFT_VERSION = 5.0;
				TARGETED_DEVICE_FAMILY = "1,2";
			};
			name = Debug;
		};
		BEC4B4B7291FC80F004FE99C /* Release */ = {
			isa = XCBuildConfiguration;
			buildSettings = {
				ASSETCATALOG_COMPILER_APPICON_NAME = AppIcon;
				ASSETCATALOG_COMPILER_GLOBAL_ACCENT_COLOR_NAME = AccentColor;
				CODE_SIGN_STYLE = Automatic;
				CURRENT_PROJECT_VERSION = 1;
				DEVELOPMENT_TEAM = 9S44MNK86W;
				GENERATE_INFOPLIST_FILE = YES;
				INFOPLIST_FILE = CatchCha/Info.plist;
				INFOPLIST_KEY_UIApplicationSupportsIndirectInputEvents = YES;
				INFOPLIST_KEY_UILaunchStoryboardName = LaunchScreen;
				INFOPLIST_KEY_UIMainStoryboardFile = Main;
				INFOPLIST_KEY_UISupportedInterfaceOrientations_iPad = "UIInterfaceOrientationPortrait UIInterfaceOrientationPortraitUpsideDown UIInterfaceOrientationLandscapeLeft UIInterfaceOrientationLandscapeRight";
				INFOPLIST_KEY_UISupportedInterfaceOrientations_iPhone = "UIInterfaceOrientationPortrait UIInterfaceOrientationLandscapeLeft UIInterfaceOrientationLandscapeRight";
				LD_RUNPATH_SEARCH_PATHS = (
					"$(inherited)",
					"@executable_path/Frameworks",
				);
				MARKETING_VERSION = 1.0;
				PRODUCT_BUNDLE_IDENTIFIER = com.taewoo.CatchCha;
				PRODUCT_NAME = "$(TARGET_NAME)";
				SWIFT_EMIT_LOC_STRINGS = YES;
				SWIFT_VERSION = 5.0;
				TARGETED_DEVICE_FAMILY = "1,2";
			};
			name = Release;
		};
/* End XCBuildConfiguration section */

/* Begin XCConfigurationList section */
		BEC4B49C291FC80D004FE99C /* Build configuration list for PBXProject "CatchCha" */ = {
			isa = XCConfigurationList;
			buildConfigurations = (
				BEC4B4B3291FC80F004FE99C /* Debug */,
				BEC4B4B4291FC80F004FE99C /* Release */,
			);
			defaultConfigurationIsVisible = 0;
			defaultConfigurationName = Release;
		};
		BEC4B4B5291FC80F004FE99C /* Build configuration list for PBXNativeTarget "CatchCha" */ = {
			isa = XCConfigurationList;
			buildConfigurations = (
				BEC4B4B6291FC80F004FE99C /* Debug */,
				BEC4B4B7291FC80F004FE99C /* Release */,
			);
			defaultConfigurationIsVisible = 0;
			defaultConfigurationName = Release;
		};
/* End XCConfigurationList section */
	};
	rootObject = BEC4B499291FC80D004FE99C /* Project object */;
}
